
Microsoft Visual Studio Solution File, Format Version 12.00
# Visual Studio Version 16
VisualStudioVersion = 16.0.30413.136
MinimumVisualStudioVersion = 10.0.40219.1
Project("{9A19103F-16F7-4668-BE54-9A1E7A4F7556}") = "TournamentApp", "TournamentApp\TournamentApp.csproj", "{BA123352-1C2C-4831-BFF3-EE3F83B3B094}"
EndProject
Global
	GlobalSection(SolutionConfigurationPlatforms) = preSolution
		Debug|Any CPU = Debug|Any CPU
		Release|Any CPU = Release|Any CPU
	EndGlobalSection
	GlobalSection(ProjectConfigurationPlatforms) = postSolution
		{BA123352-1C2C-4831-BFF3-EE3F83B3B094}.Debug|Any CPU.ActiveCfg = Debug|Any CPU
		{BA123352-1C2C-4831-BFF3-EE3F83B3B094}.Debug|Any CPU.Build.0 = Debug|Any CPU
		{BA123352-1C2C-4831-BFF3-EE3F83B3B094}.Release|Any CPU.ActiveCfg = Release|Any CPU
		{BA123352-1C2C-4831-BFF3-EE3F83B3B094}.Release|Any CPU.Build.0 = Release|Any CPU
	EndGlobalSection
	GlobalSection(SolutionProperties) = preSolution
		HideSolutionNode = FALSE
	EndGlobalSection
	GlobalSection(ExtensibilityGlobals) = postSolution
		SolutionGuid = {78BE241B-F200-45FF-9C1C-FCE8E786CAF2}
	EndGlobalSection
EndGlobal
